{
    "_meta": {
        "hash": {
            "sha256": "a4ac4a48a1996c5d3f749782003b66c38b1a026729273e3c23893631cf1dad05"
        },
        "pipfile-spec": 6,
        "requires": {
            "python_version": "3.7"
        },
        "sources": [
            {
                "name": "pypi",
                "url": "https://pypi.org/simple",
                "verify_ssl": true
            }
        ]
    },
    "default": {
        "virtualenv": {
            "hashes": [
                "sha256:6cb2e4c18d22dbbe283d0a0c31bb7d90771a606b2cb3415323eea008eaee6a9d",
                "sha256:909fe0d3f7c9151b2df0a2cb53e55bdb7b0d61469353ff7a49fd47b0f0ab9285"
            ],
            "index": "pypi",
            "version": "==16.7.2"
        }
    },
    "develop": {}
}
